// !$*UTF8*$!
{
	archiveVersion = 1;
	classes = {
	};
	objectVersion = 56;
	objects = {

/* Begin PBXBuildFile section */
		96AA28AF29EF9D6000AC9C73 /* LandmarksApp.swift in Sources */ = {isa = PBXBuildFile; fileRef = 96AA28AE29EF9D6000AC9C73 /* LandmarksApp.swift */; };
		96AA28B129EF9D6000AC9C73 /* LandmarkDetailView.swift in Sources */ = {isa = PBXBuildFile; fileRef = 96AA28B029EF9D6000AC9C73 /* LandmarkDetailView.swift */; };
		96AA28B329EF9D6100AC9C73 /* Assets.xcassets in Resources */ = {isa = PBXBuildFile; fileRef = 96AA28B229EF9D6100AC9C73 /* Assets.xcassets */; };
		96AA28B629EF9D6100AC9C73 /* Preview Assets.xcassets in Resources */ = {isa = PBXBuildFile; fileRef = 96AA28B529EF9D6100AC9C73 /* Preview Assets.xcassets */; };
		96AA28BD29EFA87500AC9C73 /* TurtleRockImageView.swift in Sources */ = {isa = PBXBuildFile; fileRef = 96AA28BC29EFA87500AC9C73 /* TurtleRockImageView.swift */; };
		96AA28BF29EFAAB500AC9C73 /* MapView.swift in Sources */ = {isa = PBXBuildFile; fileRef = 96AA28BE29EFAAB500AC9C73 /* MapView.swift */; };
		96AA28C229EFB6EB00AC9C73 /* landmarkData.json in Resources */ = {isa = PBXBuildFile; fileRef = 96AA28C129EFB6EB00AC9C73 /* landmarkData.json */; };
		96AA28C629EFB72E00AC9C73 /* Landmark.swift in Sources */ = {isa = PBXBuildFile; fileRef = 96AA28C529EFB72D00AC9C73 /* Landmark.swift */; };
		96AA28C829EFC43600AC9C73 /* JSONLoader.swift in Sources */ = {isa = PBXBuildFile; fileRef = 96AA28C729EFC43600AC9C73 /* JSONLoader.swift */; };
		96AA28D029EFC73C00AC9C73 /* LandmarkRow.swift in Sources */ = {isa = PBXBuildFile; fileRef = 96AA28CF29EFC73C00AC9C73 /* LandmarkRow.swift */; };
		96AA28D229EFDB5A00AC9C73 /* LandmarkList.swift in Sources */ = {isa = PBXBuildFile; fileRef = 96AA28D129EFDB5A00AC9C73 /* LandmarkList.swift */; };
		96AA28D629F107B200AC9C73 /* FavoriteButton.swift in Sources */ = {isa = PBXBuildFile; fileRef = 96AA28D529F107B200AC9C73 /* FavoriteButton.swift */; };
/* End PBXBuildFile section */

/* Begin PBXFileReference section */
		96AA28AB29EF9D6000AC9C73 /* Landmarks.app */ = {isa = PBXFileReference; explicitFileType = wrapper.application; includeInIndex = 0; path = Landmarks.app; sourceTree = BUILT_PRODUCTS_DIR; };
		96AA28AE29EF9D6000AC9C73 /* LandmarksApp.swift */ = {isa = PBXFileReference; lastKnownFileType = sourcecode.swift; path = LandmarksApp.swift; sourceTree = "<group>"; };
		96AA28B029EF9D6000AC9C73 /* LandmarkDetailView.swift */ = {isa = PBXFileReference; lastKnownFileType = sourcecode.swift; path = LandmarkDetailView.swift; sourceTree = "<group>"; };
		96AA28B229EF9D6100AC9C73 /* Assets.xcassets */ = {isa = PBXFileReference; lastKnownFileType = folder.assetcatalog; path = Assets.xcassets; sourceTree = "<group>"; };
		96AA28B529EF9D6100AC9C73 /* Preview Assets.xcassets */ = {isa = PBXFileReference; lastKnownFileType = folder.assetcatalog; path = "Preview Assets.xcassets"; sourceTree = "<group>"; };
		96AA28BC29EFA87500AC9C73 /* TurtleRockImageView.swift */ = {isa = PBXFileReference; lastKnownFileType = sourcecode.swift; path = TurtleRockImageView.swift; sourceTree = "<group>"; };
		96AA28BE29EFAAB500AC9C73 /* MapView.swift */ = {isa = PBXFileReference; lastKnownFileType = sourcecode.swift; path = MapView.swift; sourceTree = "<group>"; };
		96AA28C129EFB6EB00AC9C73 /* landmarkData.json */ = {isa = PBXFileReference; fileEncoding = 4; lastKnownFileType = text.json; path = landmarkData.json; sourceTree = "<group>"; };
		96AA28C529EFB72D00AC9C73 /* Landmark.swift */ = {isa = PBXFileReference; lastKnownFileType = sourcecode.swift; path = Landmark.swift; sourceTree = "<group>"; };
		96AA28C729EFC43600AC9C73 /* JSONLoader.swift */ = {isa = PBXFileReference; lastKnownFileType = sourcecode.swift; path = JSONLoader.swift; sourceTree = "<group>"; };
		96AA28CF29EFC73C00AC9C73 /* LandmarkRow.swift */ = {isa = PBXFileReference; lastKnownFileType = sourcecode.swift; path = LandmarkRow.swift; sourceTree = "<group>"; };
		96AA28D129EFDB5A00AC9C73 /* LandmarkList.swift */ = {isa = PBXFileReference; lastKnownFileType = sourcecode.swift; path = LandmarkList.swift; sourceTree = "<group>"; };
		96AA28D529F107B200AC9C73 /* FavoriteButton.swift */ = {isa = PBXFileReference; lastKnownFileType = sourcecode.swift; path = FavoriteButton.swift; sourceTree = "<group>"; };
/* End PBXFileReference section */

/* Begin PBXFrameworksBuildPhase section */
		96AA28A829EF9D6000AC9C73 /* Frameworks */ = {
			isa = PBXFrameworksBuildPhase;
			buildActionMask = 2147483647;
			files = (
			);
			runOnlyForDeploymentPostprocessing = 0;
		};
/* End PBXFrameworksBuildPhase section */

/* Begin PBXGroup section */
		96AA28A229EF9D6000AC9C73 = {
			isa = PBXGroup;
			children = (
				96AA28AD29EF9D6000AC9C73 /* Landmarks */,
				96AA28AC29EF9D6000AC9C73 /* Products */,
			);
			sourceTree = "<group>";
		};
		96AA28AC29EF9D6000AC9C73 /* Products */ = {
			isa = PBXGroup;
			children = (
				96AA28AB29EF9D6000AC9C73 /* Landmarks.app */,
			);
			name = Products;
			sourceTree = "<group>";
		};
		96AA28AD29EF9D6000AC9C73 /* Landmarks */ = {
			isa = PBXGroup;
			children = (
				96AA28CA29EFC6C500AC9C73 /* App */,
				96AA28C029EFB6C800AC9C73 /* Resourses */,
				96AA28C429EFB71800AC9C73 /* Models */,
				96AA28C329EFB71000AC9C73 /* Views */,
				96AA28B429EF9D6100AC9C73 /* Preview Content */,
			);
			path = Landmarks;
			sourceTree = "<group>";
		};
		96AA28B429EF9D6100AC9C73 /* Preview Content */ = {
			isa = PBXGroup;
			children = (
				96AA28B529EF9D6100AC9C73 /* Preview Assets.xcassets */,
			);
			path = "Preview Content";
			sourceTree = "<group>";
		};
		96AA28C029EFB6C800AC9C73 /* Resourses */ = {
			isa = PBXGroup;
			children = (
				96AA28C129EFB6EB00AC9C73 /* landmarkData.json */,
				96AA28B229EF9D6100AC9C73 /* Assets.xcassets */,
			);
			path = Resourses;
			sourceTree = "<group>";
		};
		96AA28C329EFB71000AC9C73 /* Views */ = {
			isa = PBXGroup;
			children = (
				96AA28CC29EFC71800AC9C73 /* List */,
				96AA28CB29EFC6DB00AC9C73 /* Detail */,
			);
			path = Views;
			sourceTree = "<group>";
		};
		96AA28C429EFB71800AC9C73 /* Models */ = {
			isa = PBXGroup;
			children = (
				96AA28C929EFC45B00AC9C73 /* Utils */,
				96AA28C529EFB72D00AC9C73 /* Landmark.swift */,
			);
			path = Models;
			sourceTree = "<group>";
		};
		96AA28C929EFC45B00AC9C73 /* Utils */ = {
			isa = PBXGroup;
			children = (
				96AA28C729EFC43600AC9C73 /* JSONLoader.swift */,
			);
			path = Utils;
			sourceTree = "<group>";
		};
		96AA28CA29EFC6C500AC9C73 /* App */ = {
			isa = PBXGroup;
			children = (
				96AA28AE29EF9D6000AC9C73 /* LandmarksApp.swift */,
			);
			path = App;
			sourceTree = "<group>";
		};
		96AA28CB29EFC6DB00AC9C73 /* Detail */ = {
			isa = PBXGroup;
			children = (
				96AA28D329F1078E00AC9C73 /* Components */,
				96AA28B029EF9D6000AC9C73 /* LandmarkDetailView.swift */,
			);
			path = Detail;
			sourceTree = "<group>";
		};
		96AA28CC29EFC71800AC9C73 /* List */ = {
			isa = PBXGroup;
			children = (
				96AA28D429F1079900AC9C73 /* Components */,
				96AA28D129EFDB5A00AC9C73 /* LandmarkList.swift */,
			);
			path = List;
			sourceTree = "<group>";
		};
		96AA28D329F1078E00AC9C73 /* Components */ = {
			isa = PBXGroup;
			children = (
				96AA28BC29EFA87500AC9C73 /* TurtleRockImageView.swift */,
				96AA28BE29EFAAB500AC9C73 /* MapView.swift */,
				96AA28D529F107B200AC9C73 /* FavoriteButton.swift */,
			);
			path = Components;
			sourceTree = "<group>";
		};
		96AA28D429F1079900AC9C73 /* Components */ = {
			isa = PBXGroup;
			children = (
				96AA28CF29EFC73C00AC9C73 /* LandmarkRow.swift */,
			);
			path = Components;
			sourceTree = "<group>";
		};
/* End PBXGroup section */

/* Begin PBXNativeTarget section */
		96AA28AA29EF9D6000AC9C73 /* Landmarks */ = {
			isa = PBXNativeTarget;
			buildConfigurationList = 96AA28B929EF9D6100AC9C73 /* Build configuration list for PBXNativeTarget "Landmarks" */;
			buildPhases = (
				96AA28A729EF9D6000AC9C73 /* Sources */,
				96AA28A829EF9D6000AC9C73 /* Frameworks */,
				96AA28A929EF9D6000AC9C73 /* Resources */,
			);
			buildRules = (
			);
			dependencies = (
			);
			name = Landmarks;
			productName = Landmarks;
			productReference = 96AA28AB29EF9D6000AC9C73 /* Landmarks.app */;
			productType = "com.apple.product-type.application";
		};
/* End PBXNativeTarget section */

/* Begin PBXProject section */
		96AA28A329EF9D6000AC9C73 /* Project object */ = {
			isa = PBXProject;
			attributes = {
				BuildIndependentTargetsInParallel = 1;
				LastSwiftUpdateCheck = 1420;
				LastUpgradeCheck = 1420;
				TargetAttributes = {
					96AA28AA29EF9D6000AC9C73 = {
						CreatedOnToolsVersion = 14.2;
					};
				};
			};
			buildConfigurationList = 96AA28A629EF9D6000AC9C73 /* Build configuration list for PBXProject "Landmarks" */;
			compatibilityVersion = "Xcode 14.0";
			developmentRegion = en;
			hasScannedForEncodings = 0;
			knownRegions = (
				en,
				Base,
			);
			mainGroup = 96AA28A229EF9D6000AC9C73;
			productRefGroup = 96AA28AC29EF9D6000AC9C73 /* Products */;
			projectDirPath = "";
			projectRoot = "";
			targets = (
				96AA28AA29EF9D6000AC9C73 /* Landmarks */,
			);
		};
/* End PBXProject section */

/* Begin PBXResourcesBuildPhase section */
		96AA28A929EF9D6000AC9C73 /* Resources */ = {
			isa = PBXResourcesBuildPhase;
			buildActionMask = 2147483647;
			files = (
				96AA28B629EF9D6100AC9C73 /* Preview Assets.xcassets in Resources */,
				96AA28B329EF9D6100AC9C73 /* Assets.xcassets in Resources */,
				96AA28C229EFB6EB00AC9C73 /* landmarkData.json in Resources */,
			);
			runOnlyForDeploymentPostprocessing = 0;
		};
/* End PBXResourcesBuildPhase section */

/* Begin PBXSourcesBuildPhase section */
		96AA28A729EF9D6000AC9C73 /* Sources */ = {
			isa = PBXSourcesBuildPhase;
			buildActionMask = 2147483647;
			files = (
				96AA28BD29EFA87500AC9C73 /* TurtleRockImageView.swift in Sources */,
				96AA28BF29EFAAB500AC9C73 /* MapView.swift in Sources */,
				96AA28B129EF9D6000AC9C73 /* LandmarkDetailView.swift in Sources */,
				96AA28D629F107B200AC9C73 /* FavoriteButton.swift in Sources */,
				96AA28D229EFDB5A00AC9C73 /* LandmarkList.swift in Sources */,
				96AA28D029EFC73C00AC9C73 /* LandmarkRow.swift in Sources */,
				96AA28AF29EF9D6000AC9C73 /* LandmarksApp.swift in Sources */,
				96AA28C629EFB72E00AC9C73 /* Landmark.swift in Sources */,
				96AA28C829EFC43600AC9C73 /* JSONLoader.swift in Sources */,
			);
			runOnlyForDeploymentPostprocessing = 0;
		};
/* End PBXSourcesBuildPhase section */

/* Begin XCBuildConfiguration section */
		96AA28B729EF9D6100AC9C73 /* Debug */ = {
			isa = XCBuildConfiguration;
			buildSettings = {
				ALWAYS_SEARCH_USER_PATHS = NO;
				CLANG_ANALYZER_NONNULL = YES;
				CLANG_ANALYZER_NUMBER_OBJECT_CONVERSION = YES_AGGRESSIVE;
				CLANG_CXX_LANGUAGE_STANDARD = "gnu++20";
				CLANG_ENABLE_MODULES = YES;
				CLANG_ENABLE_OBJC_ARC = YES;
				CLANG_ENABLE_OBJC_WEAK = YES;
				CLANG_WARN_BLOCK_CAPTURE_AUTORELEASING = YES;
				CLANG_WARN_BOOL_CONVERSION = YES;
				CLANG_WARN_COMMA = YES;
				CLANG_WARN_CONSTANT_CONVERSION = YES;
				CLANG_WARN_DEPRECATED_OBJC_IMPLEMENTATIONS = YES;
				CLANG_WARN_DIRECT_OBJC_ISA_USAGE = YES_ERROR;
				CLANG_WARN_DOCUMENTATION_COMMENTS = YES;
				CLANG_WARN_EMPTY_BODY = YES;
				CLANG_WARN_ENUM_CONVERSION = YES;
				CLANG_WARN_INFINITE_RECURSION = YES;
				CLANG_WARN_INT_CONVERSION = YES;
				CLANG_WARN_NON_LITERAL_NULL_CONVERSION = YES;
				CLANG_WARN_OBJC_IMPLICIT_RETAIN_SELF = YES;
				CLANG_WARN_OBJC_LITERAL_CONVERSION = YES;
				CLANG_WARN_OBJC_ROOT_CLASS = YES_ERROR;
				CLANG_WARN_QUOTED_INCLUDE_IN_FRAMEWORK_HEADER = YES;
				CLANG_WARN_RANGE_LOOP_ANALYSIS = YES;
				CLANG_WARN_STRICT_PROTOTYPES = YES;
				CLANG_WARN_SUSPICIOUS_MOVE = YES;
				CLANG_WARN_UNGUARDED_AVAILABILITY = YES_AGGRESSIVE;
				CLANG_WARN_UNREACHABLE_CODE = YES;
				CLANG_WARN__DUPLICATE_METHOD_MATCH = YES;
				COPY_PHASE_STRIP = NO;
				DEBUG_INFORMATION_FORMAT = dwarf;
				ENABLE_STRICT_OBJC_MSGSEND = YES;
				ENABLE_TESTABILITY = YES;
				GCC_C_LANGUAGE_STANDARD = gnu11;
				GCC_DYNAMIC_NO_PIC = NO;
				GCC_NO_COMMON_BLOCKS = YES;
				GCC_OPTIMIZATION_LEVEL = 0;
				GCC_PREPROCESSOR_DEFINITIONS = (
					"DEBUG=1",
					"$(inherited)",
				);
				GCC_WARN_64_TO_32_BIT_CONVERSION = YES;
				GCC_WARN_ABOUT_RETURN_TYPE = YES_ERROR;
				GCC_WARN_UNDECLARED_SELECTOR = YES;
				GCC_WARN_UNINITIALIZED_AUTOS = YES_AGGRESSIVE;
				GCC_WARN_UNUSED_FUNCTION = YES;
				GCC_WARN_UNUSED_VARIABLE = YES;
				IPHONEOS_DEPLOYMENT_TARGET = 16.2;
				MTL_ENABLE_DEBUG_INFO = INCLUDE_SOURCE;
				MTL_FAST_MATH = YES;
				ONLY_ACTIVE_ARCH = YES;
				SDKROOT = iphoneos;
				SWIFT_ACTIVE_COMPILATION_CONDITIONS = DEBUG;
				SWIFT_OPTIMIZATION_LEVEL = "-Onone";
			};
			name = Debug;
		};
		96AA28B829EF9D6100AC9C73 /* Release */ = {
			isa = XCBuildConfiguration;
			buildSettings = {
				ALWAYS_SEARCH_USER_PATHS = NO;
				CLANG_ANALYZER_NONNULL = YES;
				CLANG_ANALYZER_NUMBER_OBJECT_CONVERSION = YES_AGGRESSIVE;
				CLANG_CXX_LANGUAGE_STANDARD = "gnu++20";
				CLANG_ENABLE_MODULES = YES;
				CLANG_ENABLE_OBJC_ARC = YES;
				CLANG_ENABLE_OBJC_WEAK = YES;
				CLANG_WARN_BLOCK_CAPTURE_AUTORELEASING = YES;
				CLANG_WARN_BOOL_CONVERSION = YES;
				CLANG_WARN_COMMA = YES;
				CLANG_WARN_CONSTANT_CONVERSION = YES;
				CLANG_WARN_DEPRECATED_OBJC_IMPLEMENTATIONS = YES;
				CLANG_WARN_DIRECT_OBJC_ISA_USAGE = YES_ERROR;
				CLANG_WARN_DOCUMENTATION_COMMENTS = YES;
				CLANG_WARN_EMPTY_BODY = YES;
				CLANG_WARN_ENUM_CONVERSION = YES;
				CLANG_WARN_INFINITE_RECURSION = YES;
				CLANG_WARN_INT_CONVERSION = YES;
				CLANG_WARN_NON_LITERAL_NULL_CONVERSION = YES;
				CLANG_WARN_OBJC_IMPLICIT_RETAIN_SELF = YES;
				CLANG_WARN_OBJC_LITERAL_CONVERSION = YES;
				CLANG_WARN_OBJC_ROOT_CLASS = YES_ERROR;
				CLANG_WARN_QUOTED_INCLUDE_IN_FRAMEWORK_HEADER = YES;
				CLANG_WARN_RANGE_LOOP_ANALYSIS = YES;
				CLANG_WARN_STRICT_PROTOTYPES = YES;
				CLANG_WARN_SUSPICIOUS_MOVE = YES;
				CLANG_WARN_UNGUARDED_AVAILABILITY = YES_AGGRESSIVE;
				CLANG_WARN_UNREACHABLE_CODE = YES;
				CLANG_WARN__DUPLICATE_METHOD_MATCH = YES;
				COPY_PHASE_STRIP = NO;
				DEBUG_INFORMATION_FORMAT = "dwarf-with-dsym";
				ENABLE_NS_ASSERTIONS = NO;
				ENABLE_STRICT_OBJC_MSGSEND = YES;
				GCC_C_LANGUAGE_STANDARD = gnu11;
				GCC_NO_COMMON_BLOCKS = YES;
				GCC_WARN_64_TO_32_BIT_CONVERSION = YES;
				GCC_WARN_ABOUT_RETURN_TYPE = YES_ERROR;
				GCC_WARN_UNDECLARED_SELECTOR = YES;
				GCC_WARN_UNINITIALIZED_AUTOS = YES_AGGRESSIVE;
				GCC_WARN_UNUSED_FUNCTION = YES;
				GCC_WARN_UNUSED_VARIABLE = YES;
				IPHONEOS_DEPLOYMENT_TARGET = 16.2;
				MTL_ENABLE_DEBUG_INFO = NO;
				MTL_FAST_MATH = YES;
				SDKROOT = iphoneos;
				SWIFT_COMPILATION_MODE = wholemodule;
				SWIFT_OPTIMIZATION_LEVEL = "-O";
				VALIDATE_PRODUCT = YES;
			};
			name = Release;
		};
		96AA28BA29EF9D6100AC9C73 /* Debug */ = {
			isa = XCBuildConfiguration;
			buildSettings = {
				ASSETCATALOG_COMPILER_APPICON_NAME = AppIcon;
				ASSETCATALOG_COMPILER_GLOBAL_ACCENT_COLOR_NAME = AccentColor;
				CODE_SIGN_STYLE = Automatic;
				CURRENT_PROJECT_VERSION = 1;
				DEVELOPMENT_ASSET_PATHS = "\"Landmarks/Preview Content\"";
				DEVELOPMENT_TEAM = 2633WLSDWK;
				ENABLE_PREVIEWS = YES;
				GENERATE_INFOPLIST_FILE = YES;
				INFOPLIST_KEY_UIApplicationSceneManifest_Generation = YES;
				INFOPLIST_KEY_UIApplicationSupportsIndirectInputEvents = YES;
				INFOPLIST_KEY_UILaunchScreen_Generation = YES;
				INFOPLIST_KEY_UISupportedInterfaceOrientations = "UIInterfaceOrientationLandscapeLeft UIInterfaceOrientationLandscapeRight UIInterfaceOrientationPortrait";
				INFOPLIST_KEY_UISupportedInterfaceOrientations_iPad = "UIInterfaceOrientationLandscapeLeft UIInterfaceOrientationLandscapeRight UIInterfaceOrientationPortrait UIInterfaceOrientationPortraitUpsideDown";
				LD_RUNPATH_SEARCH_PATHS = (
					"$(inherited)",
					"@executable_path/Frameworks",
				);
				MARKETING_VERSION = 1.0;
				PRODUCT_BUNDLE_IDENTIFIER = unusynth.Landmarks;
				PRODUCT_NAME = "$(TARGET_NAME)";
				SWIFT_EMIT_LOC_STRINGS = YES;
				SWIFT_VERSION = 5.0;
				TARGETED_DEVICE_FAMILY = "1,2";
			};
			name = Debug;
		};
		96AA28BB29EF9D6100AC9C73 /* Release */ = {
			isa = XCBuildConfiguration;
			buildSettings = {
				ASSETCATALOG_COMPILER_APPICON_NAME = AppIcon;
				ASSETCATALOG_COMPILER_GLOBAL_ACCENT_COLOR_NAME = AccentColor;
				CODE_SIGN_STYLE = Automatic;
				CURRENT_PROJECT_VERSION = 1;
				DEVELOPMENT_ASSET_PATHS = "\"Landmarks/Preview Content\"";
				DEVELOPMENT_TEAM = 2633WLSDWK;
				ENABLE_PREVIEWS = YES;
				GENERATE_INFOPLIST_FILE = YES;
				INFOPLIST_KEY_UIApplicationSceneManifest_Generation = YES;
				INFOPLIST_KEY_UIApplicationSupportsIndirectInputEvents = YES;
				INFOPLIST_KEY_UILaunchScreen_Generation = YES;
				INFOPLIST_KEY_UISupportedInterfaceOrientations = "UIInterfaceOrientationLandscapeLeft UIInterfaceOrientationLandscapeRight UIInterfaceOrientationPortrait";
				INFOPLIST_KEY_UISupportedInterfaceOrientations_iPad = "UIInterfaceOrientationLandscapeLeft UIInterfaceOrientationLandscapeRight UIInterfaceOrientationPortrait UIInterfaceOrientationPortraitUpsideDown";
				LD_RUNPATH_SEARCH_PATHS = (
					"$(inherited)",
					"@executable_path/Frameworks",
				);
				MARKETING_VERSION = 1.0;
				PRODUCT_BUNDLE_IDENTIFIER = unusynth.Landmarks;
				PRODUCT_NAME = "$(TARGET_NAME)";
				SWIFT_EMIT_LOC_STRINGS = YES;
				SWIFT_VERSION = 5.0;
				TARGETED_DEVICE_FAMILY = "1,2";
			};
			name = Release;
		};
/* End XCBuildConfiguration section */

/* Begin XCConfigurationList section */
		96AA28A629EF9D6000AC9C73 /* Build configuration list for PBXProject "Landmarks" */ = {
			isa = XCConfigurationList;
			buildConfigurations = (
				96AA28B729EF9D6100AC9C73 /* Debug */,
				96AA28B829EF9D6100AC9C73 /* Release */,
			);
			defaultConfigurationIsVisible = 0;
			defaultConfigurationName = Release;
		};
		96AA28B929EF9D6100AC9C73 /* Build configuration list for PBXNativeTarget "Landmarks" */ = {
			isa = XCConfigurationList;
			buildConfigurations = (
				96AA28BA29EF9D6100AC9C73 /* Debug */,
				96AA28BB29EF9D6100AC9C73 /* Release */,
			);
			defaultConfigurationIsVisible = 0;
			defaultConfigurationName = Release;
		};
/* End XCConfigurationList section */
	};
	rootObject = 96AA28A329EF9D6000AC9C73 /* Project object */;
}
